
Microsoft Visual Studio Solution File, Format Version 12.00
# Visual Studio Version 16
VisualStudioVersion = 16.0.29215.179
MinimumVisualStudioVersion = 10.0.40219.1
Project("{FAE04EC0-301F-11D3-BF4B-00C04F79EFBC}") = "FactoryPatternDia", "FactoryPatternDia\FactoryPatternDia.csproj", "{023B858F-C0AD-4761-BF6E-4C7C801EA1E8}"
EndProject
Global
	GlobalSection(SolutionConfigurationPlatforms) = preSolution
		Debug|Any CPU = Debug|Any CPU
		Release|Any CPU = Release|Any CPU
	EndGlobalSection
	GlobalSection(ProjectConfigurationPlatforms) = postSolution
		{023B858F-C0AD-4761-BF6E-4C7C801EA1E8}.Debug|Any CPU.ActiveCfg = Debug|Any CPU
		{023B858F-C0AD-4761-BF6E-4C7C801EA1E8}.Debug|Any CPU.Build.0 = Debug|Any CPU
		{023B858F-C0AD-4761-BF6E-4C7C801EA1E8}.Release|Any CPU.ActiveCfg = Release|Any CPU
		{023B858F-C0AD-4761-BF6E-4C7C801EA1E8}.Release|Any CPU.Build.0 = Release|Any CPU
	EndGlobalSection
	GlobalSection(SolutionProperties) = preSolution
		HideSolutionNode = FALSE
	EndGlobalSection
	GlobalSection(ExtensibilityGlobals) = postSolution
		SolutionGuid = {B581884B-2DC0-4DC8-ACF1-1DBED8904BCB}
	EndGlobalSection
EndGlobal
